// !$*UTF8*$!
{
	archiveVersion = 1;
	classes = {
	};
	objectVersion = 51;
	objects = {

/* Begin PBXBuildFile section */
		C6AD340F8E6B01F6EA4B1811 /* Pods_ioasys.framework in Frameworks */ = {isa = PBXBuildFile; fileRef = 328EF24CEDAEBEDB46624643 /* Pods_ioasys.framework */; };
		F010F72923D5468900E74DA2 /* ContainerCoordinator.swift in Sources */ = {isa = PBXBuildFile; fileRef = F010F72823D5468900E74DA2 /* ContainerCoordinator.swift */; };
		F012917C23D5649A009CE255 /* HomeViewController.swift in Sources */ = {isa = PBXBuildFile; fileRef = F012917B23D56499009CE255 /* HomeViewController.swift */; };
		F012917F23D56AA2009CE255 /* SearchEnterprisesViewController.swift in Sources */ = {isa = PBXBuildFile; fileRef = F012917E23D56AA2009CE255 /* SearchEnterprisesViewController.swift */; };
		F02D20EA23D65510000398F9 /* EnterpriseTableViewCell.swift in Sources */ = {isa = PBXBuildFile; fileRef = F02D20E823D65510000398F9 /* EnterpriseTableViewCell.swift */; };
		F02D20EB23D65510000398F9 /* EnterpriseTableViewCell.xib in Resources */ = {isa = PBXBuildFile; fileRef = F02D20E923D65510000398F9 /* EnterpriseTableViewCell.xib */; };
		F02D20ED23D6587C000398F9 /* EnterpriseViewModel.swift in Sources */ = {isa = PBXBuildFile; fileRef = F02D20EC23D6587C000398F9 /* EnterpriseViewModel.swift */; };
		F04BAE3723D4CA0C0068B687 /* Localizable.strings in Resources */ = {isa = PBXBuildFile; fileRef = F04BAE3623D4CA0C0068B687 /* Localizable.strings */; };
		F04BAE3923D4CB5A0068B687 /* UIFont.swift in Sources */ = {isa = PBXBuildFile; fileRef = F04BAE3823D4CB5A0068B687 /* UIFont.swift */; };
		F04BAE3C23D4D6A80068B687 /* BaseScrollViewController.swift in Sources */ = {isa = PBXBuildFile; fileRef = F04BAE3B23D4D6A80068B687 /* BaseScrollViewController.swift */; };
		F04BAE4023D4EE8D0068B687 /* UIExtensions.swift in Sources */ = {isa = PBXBuildFile; fileRef = F04BAE3F23D4EE8D0068B687 /* UIExtensions.swift */; };
		F04BAE4323D4F73C0068B687 /* APIClient.swift in Sources */ = {isa = PBXBuildFile; fileRef = F04BAE4223D4F73C0068B687 /* APIClient.swift */; };
		F04BAE4523D4FA0A0068B687 /* APITarget.swift in Sources */ = {isa = PBXBuildFile; fileRef = F04BAE4423D4FA0A0068B687 /* APITarget.swift */; };
		F04BAE4723D4FA130068B687 /* APIOperators.swift in Sources */ = {isa = PBXBuildFile; fileRef = F04BAE4623D4FA130068B687 /* APIOperators.swift */; };
		F04BAE4A23D4FA660068B687 /* User.swift in Sources */ = {isa = PBXBuildFile; fileRef = F04BAE4923D4FA660068B687 /* User.swift */; };
		F04BAE4C23D4FAA80068B687 /* Error.swift in Sources */ = {isa = PBXBuildFile; fileRef = F04BAE4B23D4FAA80068B687 /* Error.swift */; };
		F04BAE5223D4FE1C0068B687 /* UserDB.swift in Sources */ = {isa = PBXBuildFile; fileRef = F04BAE5123D4FE1C0068B687 /* UserDB.swift */; };
		F04BAE5423D4FE2F0068B687 /* UserSessionDB.swift in Sources */ = {isa = PBXBuildFile; fileRef = F04BAE5323D4FE2F0068B687 /* UserSessionDB.swift */; };
		F04BAE5623D5013D0068B687 /* SessionManager.swift in Sources */ = {isa = PBXBuildFile; fileRef = F04BAE5523D5013D0068B687 /* SessionManager.swift */; };
		F04BAE5823D5014C0068B687 /* UserSessionDataStore.swift in Sources */ = {isa = PBXBuildFile; fileRef = F04BAE5723D5014C0068B687 /* UserSessionDataStore.swift */; };
		F04BAE5A23D501920068B687 /* KeyedArchiverManager.swift in Sources */ = {isa = PBXBuildFile; fileRef = F04BAE5923D501920068B687 /* KeyedArchiverManager.swift */; };
		F04BAE5F23D513580068B687 /* ContainerViewController.swift in Sources */ = {isa = PBXBuildFile; fileRef = F04BAE5E23D513580068B687 /* ContainerViewController.swift */; };
		F04BAE6123D5136D0068B687 /* BaseViewController.swift in Sources */ = {isa = PBXBuildFile; fileRef = F04BAE6023D5136D0068B687 /* BaseViewController.swift */; };
		F04BAE6423D515900068B687 /* AlertViewModel.swift in Sources */ = {isa = PBXBuildFile; fileRef = F04BAE6323D515900068B687 /* AlertViewModel.swift */; };
		F04BAE6623D515EE0068B687 /* ViewState.swift in Sources */ = {isa = PBXBuildFile; fileRef = F04BAE6523D515EE0068B687 /* ViewState.swift */; };
		F04BAE6823D5160E0068B687 /* PlaceholderViewModel.swift in Sources */ = {isa = PBXBuildFile; fileRef = F04BAE6723D5160E0068B687 /* PlaceholderViewModel.swift */; };
		F04BAE6A23D516CB0068B687 /* LoadingView.swift in Sources */ = {isa = PBXBuildFile; fileRef = F04BAE6923D516CB0068B687 /* LoadingView.swift */; };
		F04BAE6C23D5176A0068B687 /* ErrorView.swift in Sources */ = {isa = PBXBuildFile; fileRef = F04BAE6B23D5176A0068B687 /* ErrorView.swift */; };
		F04BAE6E23D531840068B687 /* UIButton.swift in Sources */ = {isa = PBXBuildFile; fileRef = F04BAE6D23D531840068B687 /* UIButton.swift */; };
		F04D52E323D4B01D004E62C2 /* AppDelegate.swift in Sources */ = {isa = PBXBuildFile; fileRef = F04D52E223D4B01D004E62C2 /* AppDelegate.swift */; };
		F04D52E523D4B01D004E62C2 /* SceneDelegate.swift in Sources */ = {isa = PBXBuildFile; fileRef = F04D52E423D4B01D004E62C2 /* SceneDelegate.swift */; };
		F04D52EC23D4B020004E62C2 /* Assets.xcassets in Resources */ = {isa = PBXBuildFile; fileRef = F04D52EB23D4B020004E62C2 /* Assets.xcassets */; };
		F04D52EF23D4B020004E62C2 /* LaunchScreen.storyboard in Resources */ = {isa = PBXBuildFile; fileRef = F04D52ED23D4B020004E62C2 /* LaunchScreen.storyboard */; };
		F04D531723D4B29F004E62C2 /* LoginViewController.swift in Sources */ = {isa = PBXBuildFile; fileRef = F04D531623D4B29F004E62C2 /* LoginViewController.swift */; };
		F04D531A23D4B922004E62C2 /* SignInViewModel.swift in Sources */ = {isa = PBXBuildFile; fileRef = F04D531923D4B922004E62C2 /* SignInViewModel.swift */; };
		F04D531C23D4B929004E62C2 /* SignInView.swift in Sources */ = {isa = PBXBuildFile; fileRef = F04D531B23D4B929004E62C2 /* SignInView.swift */; };
		F04D531E23D4B930004E62C2 /* SignInView.xib in Resources */ = {isa = PBXBuildFile; fileRef = F04D531D23D4B930004E62C2 /* SignInView.xib */; };
		F0B4D87023D60D2600A92D54 /* BaseTableViewController.swift in Sources */ = {isa = PBXBuildFile; fileRef = F0B4D86F23D60D2600A92D54 /* BaseTableViewController.swift */; };
		F0B4D87223D6143A00A92D54 /* Enterprise.swift in Sources */ = {isa = PBXBuildFile; fileRef = F0B4D87123D6143A00A92D54 /* Enterprise.swift */; };
		F0FD0A3723D6245E0058D809 /* LoadingTableViewCell.swift in Sources */ = {isa = PBXBuildFile; fileRef = F0FD0A3523D6245E0058D809 /* LoadingTableViewCell.swift */; };
		F0FD0A3823D6245E0058D809 /* LoadingTableViewCell.xib in Resources */ = {isa = PBXBuildFile; fileRef = F0FD0A3623D6245E0058D809 /* LoadingTableViewCell.xib */; };
		F0FD0A3C23D624790058D809 /* ErrorTableViewCell.swift in Sources */ = {isa = PBXBuildFile; fileRef = F0FD0A3A23D624790058D809 /* ErrorTableViewCell.swift */; };
		F0FD0A3D23D624790058D809 /* ErrorTableViewCell.xib in Resources */ = {isa = PBXBuildFile; fileRef = F0FD0A3B23D624790058D809 /* ErrorTableViewCell.xib */; };
		F0FD0A3F23D625810058D809 /* RequestResponse.swift in Sources */ = {isa = PBXBuildFile; fileRef = F0FD0A3E23D625810058D809 /* RequestResponse.swift */; };
/* End PBXBuildFile section */

/* Begin PBXFileReference section */
		1B9BA107C217CCE66F5E8896 /* Pods-ioasys.debug.xcconfig */ = {isa = PBXFileReference; includeInIndex = 1; lastKnownFileType = text.xcconfig; name = "Pods-ioasys.debug.xcconfig"; path = "Target Support Files/Pods-ioasys/Pods-ioasys.debug.xcconfig"; sourceTree = "<group>"; };
		328EF24CEDAEBEDB46624643 /* Pods_ioasys.framework */ = {isa = PBXFileReference; explicitFileType = wrapper.framework; includeInIndex = 0; path = Pods_ioasys.framework; sourceTree = BUILT_PRODUCTS_DIR; };
		54F40FAC0C4AB58120EE00F0 /* Pods-ioasys.release.xcconfig */ = {isa = PBXFileReference; includeInIndex = 1; lastKnownFileType = text.xcconfig; name = "Pods-ioasys.release.xcconfig"; path = "Target Support Files/Pods-ioasys/Pods-ioasys.release.xcconfig"; sourceTree = "<group>"; };
		F010F72823D5468900E74DA2 /* ContainerCoordinator.swift */ = {isa = PBXFileReference; lastKnownFileType = sourcecode.swift; path = ContainerCoordinator.swift; sourceTree = "<group>"; };
		F012917B23D56499009CE255 /* HomeViewController.swift */ = {isa = PBXFileReference; lastKnownFileType = sourcecode.swift; path = HomeViewController.swift; sourceTree = "<group>"; };
		F012917E23D56AA2009CE255 /* SearchEnterprisesViewController.swift */ = {isa = PBXFileReference; lastKnownFileType = sourcecode.swift; path = SearchEnterprisesViewController.swift; sourceTree = "<group>"; };
		F02D20E823D65510000398F9 /* EnterpriseTableViewCell.swift */ = {isa = PBXFileReference; lastKnownFileType = sourcecode.swift; path = EnterpriseTableViewCell.swift; sourceTree = "<group>"; };
		F02D20E923D65510000398F9 /* EnterpriseTableViewCell.xib */ = {isa = PBXFileReference; lastKnownFileType = file.xib; path = EnterpriseTableViewCell.xib; sourceTree = "<group>"; };
		F02D20EC23D6587C000398F9 /* EnterpriseViewModel.swift */ = {isa = PBXFileReference; lastKnownFileType = sourcecode.swift; path = EnterpriseViewModel.swift; sourceTree = "<group>"; };
		F04BAE3623D4CA0C0068B687 /* Localizable.strings */ = {isa = PBXFileReference; lastKnownFileType = text.plist.strings; path = Localizable.strings; sourceTree = "<group>"; };
		F04BAE3823D4CB5A0068B687 /* UIFont.swift */ = {isa = PBXFileReference; lastKnownFileType = sourcecode.swift; path = UIFont.swift; sourceTree = "<group>"; };
		F04BAE3B23D4D6A80068B687 /* BaseScrollViewController.swift */ = {isa = PBXFileReference; lastKnownFileType = sourcecode.swift; path = BaseScrollViewController.swift; sourceTree = "<group>"; };
		F04BAE3F23D4EE8D0068B687 /* UIExtensions.swift */ = {isa = PBXFileReference; lastKnownFileType = sourcecode.swift; path = UIExtensions.swift; sourceTree = "<group>"; };
		F04BAE4223D4F73C0068B687 /* APIClient.swift */ = {isa = PBXFileReference; lastKnownFileType = sourcecode.swift; path = APIClient.swift; sourceTree = "<group>"; };
		F04BAE4423D4FA0A0068B687 /* APITarget.swift */ = {isa = PBXFileReference; lastKnownFileType = sourcecode.swift; path = APITarget.swift; sourceTree = "<group>"; };
		F04BAE4623D4FA130068B687 /* APIOperators.swift */ = {isa = PBXFileReference; lastKnownFileType = sourcecode.swift; path = APIOperators.swift; sourceTree = "<group>"; };
		F04BAE4923D4FA660068B687 /* User.swift */ = {isa = PBXFileReference; lastKnownFileType = sourcecode.swift; path = User.swift; sourceTree = "<group>"; };
		F04BAE4B23D4FAA80068B687 /* Error.swift */ = {isa = PBXFileReference; lastKnownFileType = sourcecode.swift; path = Error.swift; sourceTree = "<group>"; };
		F04BAE5123D4FE1C0068B687 /* UserDB.swift */ = {isa = PBXFileReference; lastKnownFileType = sourcecode.swift; path = UserDB.swift; sourceTree = "<group>"; };
		F04BAE5323D4FE2F0068B687 /* UserSessionDB.swift */ = {isa = PBXFileReference; lastKnownFileType = sourcecode.swift; path = UserSessionDB.swift; sourceTree = "<group>"; };
		F04BAE5523D5013D0068B687 /* SessionManager.swift */ = {isa = PBXFileReference; lastKnownFileType = sourcecode.swift; path = SessionManager.swift; sourceTree = "<group>"; };
		F04BAE5723D5014C0068B687 /* UserSessionDataStore.swift */ = {isa = PBXFileReference; lastKnownFileType = sourcecode.swift; path = UserSessionDataStore.swift; sourceTree = "<group>"; };
		F04BAE5923D501920068B687 /* KeyedArchiverManager.swift */ = {isa = PBXFileReference; lastKnownFileType = sourcecode.swift; path = KeyedArchiverManager.swift; sourceTree = "<group>"; };
		F04BAE5E23D513580068B687 /* ContainerViewController.swift */ = {isa = PBXFileReference; lastKnownFileType = sourcecode.swift; path = ContainerViewController.swift; sourceTree = "<group>"; };
		F04BAE6023D5136D0068B687 /* BaseViewController.swift */ = {isa = PBXFileReference; lastKnownFileType = sourcecode.swift; path = BaseViewController.swift; sourceTree = "<group>"; };
		F04BAE6323D515900068B687 /* AlertViewModel.swift */ = {isa = PBXFileReference; lastKnownFileType = sourcecode.swift; path = AlertViewModel.swift; sourceTree = "<group>"; };
		F04BAE6523D515EE0068B687 /* ViewState.swift */ = {isa = PBXFileReference; lastKnownFileType = sourcecode.swift; path = ViewState.swift; sourceTree = "<group>"; };
		F04BAE6723D5160E0068B687 /* PlaceholderViewModel.swift */ = {isa = PBXFileReference; lastKnownFileType = sourcecode.swift; path = PlaceholderViewModel.swift; sourceTree = "<group>"; };
		F04BAE6923D516CB0068B687 /* LoadingView.swift */ = {isa = PBXFileReference; lastKnownFileType = sourcecode.swift; path = LoadingView.swift; sourceTree = "<group>"; };
		F04BAE6B23D5176A0068B687 /* ErrorView.swift */ = {isa = PBXFileReference; lastKnownFileType = sourcecode.swift; path = ErrorView.swift; sourceTree = "<group>"; };
		F04BAE6D23D531840068B687 /* UIButton.swift */ = {isa = PBXFileReference; lastKnownFileType = sourcecode.swift; path = UIButton.swift; sourceTree = "<group>"; };
		F04D52DF23D4B01D004E62C2 /* ioasys.app */ = {isa = PBXFileReference; explicitFileType = wrapper.application; includeInIndex = 0; path = ioasys.app; sourceTree = BUILT_PRODUCTS_DIR; };
		F04D52E223D4B01D004E62C2 /* AppDelegate.swift */ = {isa = PBXFileReference; lastKnownFileType = sourcecode.swift; path = AppDelegate.swift; sourceTree = "<group>"; };
		F04D52E423D4B01D004E62C2 /* SceneDelegate.swift */ = {isa = PBXFileReference; lastKnownFileType = sourcecode.swift; path = SceneDelegate.swift; sourceTree = "<group>"; };
		F04D52EB23D4B020004E62C2 /* Assets.xcassets */ = {isa = PBXFileReference; lastKnownFileType = folder.assetcatalog; path = Assets.xcassets; sourceTree = "<group>"; };
		F04D52EE23D4B020004E62C2 /* Base */ = {isa = PBXFileReference; lastKnownFileType = file.storyboard; name = Base; path = Base.lproj/LaunchScreen.storyboard; sourceTree = "<group>"; };
		F04D52F023D4B020004E62C2 /* Info.plist */ = {isa = PBXFileReference; lastKnownFileType = text.plist.xml; path = Info.plist; sourceTree = "<group>"; };
		F04D531623D4B29F004E62C2 /* LoginViewController.swift */ = {isa = PBXFileReference; lastKnownFileType = sourcecode.swift; path = LoginViewController.swift; sourceTree = "<group>"; };
		F04D531923D4B922004E62C2 /* SignInViewModel.swift */ = {isa = PBXFileReference; lastKnownFileType = sourcecode.swift; path = SignInViewModel.swift; sourceTree = "<group>"; };
		F04D531B23D4B929004E62C2 /* SignInView.swift */ = {isa = PBXFileReference; lastKnownFileType = sourcecode.swift; path = SignInView.swift; sourceTree = "<group>"; };
		F04D531D23D4B930004E62C2 /* SignInView.xib */ = {isa = PBXFileReference; lastKnownFileType = file.xib; path = SignInView.xib; sourceTree = "<group>"; };
		F0B4D86F23D60D2600A92D54 /* BaseTableViewController.swift */ = {isa = PBXFileReference; lastKnownFileType = sourcecode.swift; path = BaseTableViewController.swift; sourceTree = "<group>"; };
		F0B4D87123D6143A00A92D54 /* Enterprise.swift */ = {isa = PBXFileReference; lastKnownFileType = sourcecode.swift; path = Enterprise.swift; sourceTree = "<group>"; };
		F0FD0A3523D6245E0058D809 /* LoadingTableViewCell.swift */ = {isa = PBXFileReference; lastKnownFileType = sourcecode.swift; path = LoadingTableViewCell.swift; sourceTree = "<group>"; };
		F0FD0A3623D6245E0058D809 /* LoadingTableViewCell.xib */ = {isa = PBXFileReference; lastKnownFileType = file.xib; path = LoadingTableViewCell.xib; sourceTree = "<group>"; };
		F0FD0A3A23D624790058D809 /* ErrorTableViewCell.swift */ = {isa = PBXFileReference; lastKnownFileType = sourcecode.swift; path = ErrorTableViewCell.swift; sourceTree = "<group>"; };
		F0FD0A3B23D624790058D809 /* ErrorTableViewCell.xib */ = {isa = PBXFileReference; lastKnownFileType = file.xib; path = ErrorTableViewCell.xib; sourceTree = "<group>"; };
		F0FD0A3E23D625810058D809 /* RequestResponse.swift */ = {isa = PBXFileReference; lastKnownFileType = sourcecode.swift; path = RequestResponse.swift; sourceTree = "<group>"; };
/* End PBXFileReference section */

/* Begin PBXFrameworksBuildPhase section */
		F04D52DC23D4B01D004E62C2 /* Frameworks */ = {
			isa = PBXFrameworksBuildPhase;
			buildActionMask = 2147483647;
			files = (
				C6AD340F8E6B01F6EA4B1811 /* Pods_ioasys.framework in Frameworks */,
			);
			runOnlyForDeploymentPostprocessing = 0;
		};
/* End PBXFrameworksBuildPhase section */

/* Begin PBXGroup section */
		3D8F8C67E62A938DF6EF5F5B /* Frameworks */ = {
			isa = PBXGroup;
			children = (
				328EF24CEDAEBEDB46624643 /* Pods_ioasys.framework */,
			);
			name = Frameworks;
			sourceTree = "<group>";
		};
		445B10F9F80C1B286C10207C /* Pods */ = {
			isa = PBXGroup;
			children = (
				1B9BA107C217CCE66F5E8896 /* Pods-ioasys.debug.xcconfig */,
				54F40FAC0C4AB58120EE00F0 /* Pods-ioasys.release.xcconfig */,
			);
			path = Pods;
			sourceTree = "<group>";
		};
		F012917A23D56487009CE255 /* home */ = {
			isa = PBXGroup;
			children = (
				F012917B23D56499009CE255 /* HomeViewController.swift */,
			);
			path = home;
			sourceTree = "<group>";
		};
		F012917D23D56A83009CE255 /* searchEnterprise */ = {
			isa = PBXGroup;
			children = (
				F0FD0A3323D624400058D809 /* views */,
				F012917E23D56AA2009CE255 /* SearchEnterprisesViewController.swift */,
			);
			path = searchEnterprise;
			sourceTree = "<group>";
		};
		F02D20E723D654E9000398F9 /* enterprise */ = {
			isa = PBXGroup;
			children = (
				F02D20EC23D6587C000398F9 /* EnterpriseViewModel.swift */,
				F02D20E823D65510000398F9 /* EnterpriseTableViewCell.swift */,
				F02D20E923D65510000398F9 /* EnterpriseTableViewCell.xib */,
			);
			path = enterprise;
			sourceTree = "<group>";
		};
		F04BAE3A23D4D6930068B687 /* base */ = {
			isa = PBXGroup;
			children = (
				F04BAE3B23D4D6A80068B687 /* BaseScrollViewController.swift */,
				F0B4D86F23D60D2600A92D54 /* BaseTableViewController.swift */,
				F04BAE6023D5136D0068B687 /* BaseViewController.swift */,
			);
			path = base;
			sourceTree = "<group>";
		};
		F04BAE4123D4F7090068B687 /* api */ = {
			isa = PBXGroup;
			children = (
				F04BAE4223D4F73C0068B687 /* APIClient.swift */,
				F04BAE4423D4FA0A0068B687 /* APITarget.swift */,
				F04BAE4623D4FA130068B687 /* APIOperators.swift */,
			);
			path = api;
			sourceTree = "<group>";
		};
		F04BAE4E23D4FDA00068B687 /* sessionManager */ = {
			isa = PBXGroup;
			children = (
				F04BAE5523D5013D0068B687 /* SessionManager.swift */,
				F04BAE5723D5014C0068B687 /* UserSessionDataStore.swift */,
				F04BAE5923D501920068B687 /* KeyedArchiverManager.swift */,
			);
			path = sessionManager;
			sourceTree = "<group>";
		};
		F04BAE4F23D4FDBF0068B687 /* db */ = {
			isa = PBXGroup;
			children = (
				F04BAE5323D4FE2F0068B687 /* UserSessionDB.swift */,
				F04BAE5123D4FE1C0068B687 /* UserDB.swift */,
			);
			path = db;
			sourceTree = "<group>";
		};
		F04BAE5023D4FDE10068B687 /* models */ = {
			isa = PBXGroup;
			children = (
				F04BAE4923D4FA660068B687 /* User.swift */,
				F04BAE4B23D4FAA80068B687 /* Error.swift */,
				F0B4D87123D6143A00A92D54 /* Enterprise.swift */,
			);
			path = models;
			sourceTree = "<group>";
		};
		F04BAE5B23D512ED0068B687 /* login */ = {
			isa = PBXGroup;
			children = (
				F04D531823D4B731004E62C2 /* view */,
				F04D531623D4B29F004E62C2 /* LoginViewController.swift */,
			);
			path = login;
			sourceTree = "<group>";
		};
		F04BAE5C23D5131D0068B687 /* authenticated */ = {
			isa = PBXGroup;
			children = (
				F012917A23D56487009CE255 /* home */,
				F012917D23D56A83009CE255 /* searchEnterprise */,
			);
			path = authenticated;
			sourceTree = "<group>";
		};
		F04BAE5D23D5132D0068B687 /* container */ = {
			isa = PBXGroup;
			children = (
				F010F72823D5468900E74DA2 /* ContainerCoordinator.swift */,
				F04BAE5E23D513580068B687 /* ContainerViewController.swift */,
			);
			path = container;
			sourceTree = "<group>";
		};
		F04D52D623D4B01D004E62C2 = {
			isa = PBXGroup;
			children = (
				F04D52E123D4B01D004E62C2 /* ioasys */,
				F04D52E023D4B01D004E62C2 /* Products */,
				445B10F9F80C1B286C10207C /* Pods */,
				3D8F8C67E62A938DF6EF5F5B /* Frameworks */,
			);
			sourceTree = "<group>";
		};
		F04D52E023D4B01D004E62C2 /* Products */ = {
			isa = PBXGroup;
			children = (
				F04D52DF23D4B01D004E62C2 /* ioasys.app */,
			);
			name = Products;
			sourceTree = "<group>";
		};
		F04D52E123D4B01D004E62C2 /* ioasys */ = {
			isa = PBXGroup;
			children = (
				F04D531423D4B1D2004E62C2 /* utils */,
				F04BAE4123D4F7090068B687 /* api */,
				F04BAE4E23D4FDA00068B687 /* sessionManager */,
				F04D531323D4B1C8004E62C2 /* entities */,
				F04D531223D4B1BF004E62C2 /* class */,
				F04D52E223D4B01D004E62C2 /* AppDelegate.swift */,
				F04D52E423D4B01D004E62C2 /* SceneDelegate.swift */,
				F04D52EB23D4B020004E62C2 /* Assets.xcassets */,
				F04D52ED23D4B020004E62C2 /* LaunchScreen.storyboard */,
				F04D52F023D4B020004E62C2 /* Info.plist */,
				F04BAE3623D4CA0C0068B687 /* Localizable.strings */,
			);
			path = ioasys;
			sourceTree = "<group>";
		};
		F04D531223D4B1BF004E62C2 /* class */ = {
			isa = PBXGroup;
			children = (
				F04BAE3A23D4D6930068B687 /* base */,
				F0B4D87323D619B600A92D54 /* views */,
				F04BAE5D23D5132D0068B687 /* container */,
				F04D531523D4B27A004E62C2 /* unauthenticated */,
				F04BAE5C23D5131D0068B687 /* authenticated */,
			);
			path = class;
			sourceTree = "<group>";
		};
		F04D531323D4B1C8004E62C2 /* entities */ = {
			isa = PBXGroup;
			children = (
				F04BAE4F23D4FDBF0068B687 /* db */,
				F04BAE5023D4FDE10068B687 /* models */,
			);
			path = entities;
			sourceTree = "<group>";
		};
		F04D531423D4B1D2004E62C2 /* utils */ = {
			isa = PBXGroup;
			children = (
				F04BAE6D23D531840068B687 /* UIButton.swift */,
				F04BAE3823D4CB5A0068B687 /* UIFont.swift */,
				F04BAE3F23D4EE8D0068B687 /* UIExtensions.swift */,
				F04BAE6523D515EE0068B687 /* ViewState.swift */,
				F04BAE6323D515900068B687 /* AlertViewModel.swift */,
				F04BAE6723D5160E0068B687 /* PlaceholderViewModel.swift */,
				F0FD0A3E23D625810058D809 /* RequestResponse.swift */,
			);
			path = utils;
			sourceTree = "<group>";
		};
		F04D531523D4B27A004E62C2 /* unauthenticated */ = {
			isa = PBXGroup;
			children = (
				F04BAE5B23D512ED0068B687 /* login */,
			);
			path = unauthenticated;
			sourceTree = "<group>";
		};
		F04D531823D4B731004E62C2 /* view */ = {
			isa = PBXGroup;
			children = (
				F04D531923D4B922004E62C2 /* SignInViewModel.swift */,
				F04D531B23D4B929004E62C2 /* SignInView.swift */,
				F04D531D23D4B930004E62C2 /* SignInView.xib */,
			);
			path = view;
			sourceTree = "<group>";
		};
		F0B4D87323D619B600A92D54 /* views */ = {
			isa = PBXGroup;
			children = (
				F04BAE6923D516CB0068B687 /* LoadingView.swift */,
				F04BAE6B23D5176A0068B687 /* ErrorView.swift */,
			);
			path = views;
			sourceTree = "<group>";
		};
		F0FD0A3323D624400058D809 /* views */ = {
			isa = PBXGroup;
			children = (
				F02D20E723D654E9000398F9 /* enterprise */,
				F0FD0A3923D6246B0058D809 /* error */,
				F0FD0A3423D624460058D809 /* loading */,
			);
			path = views;
			sourceTree = "<group>";
		};
		F0FD0A3423D624460058D809 /* loading */ = {
			isa = PBXGroup;
			children = (
				F0FD0A3523D6245E0058D809 /* LoadingTableViewCell.swift */,
				F0FD0A3623D6245E0058D809 /* LoadingTableViewCell.xib */,
			);
			path = loading;
			sourceTree = "<group>";
		};
		F0FD0A3923D6246B0058D809 /* error */ = {
			isa = PBXGroup;
			children = (
				F0FD0A3A23D624790058D809 /* ErrorTableViewCell.swift */,
				F0FD0A3B23D624790058D809 /* ErrorTableViewCell.xib */,
			);
			path = error;
			sourceTree = "<group>";
		};
/* End PBXGroup section */

/* Begin PBXNativeTarget section */
		F04D52DE23D4B01D004E62C2 /* ioasys */ = {
			isa = PBXNativeTarget;
			buildConfigurationList = F04D530923D4B021004E62C2 /* Build configuration list for PBXNativeTarget "ioasys" */;
			buildPhases = (
				77273912D17397E3858B659A /* [CP] Check Pods Manifest.lock */,
				F04D52DB23D4B01D004E62C2 /* Sources */,
				F04D52DC23D4B01D004E62C2 /* Frameworks */,
				F04D52DD23D4B01D004E62C2 /* Resources */,
				6618E75D06181752AB01295C /* [CP] Embed Pods Frameworks */,
			);
			buildRules = (
			);
			dependencies = (
			);
			name = ioasys;
			productName = ioasys;
			productReference = F04D52DF23D4B01D004E62C2 /* ioasys.app */;
			productType = "com.apple.product-type.application";
		};
/* End PBXNativeTarget section */

/* Begin PBXProject section */
		F04D52D723D4B01D004E62C2 /* Project object */ = {
			isa = PBXProject;
			attributes = {
				LastSwiftUpdateCheck = 1130;
				LastUpgradeCheck = 1130;
				ORGANIZATIONNAME = "Junio Moquiuti";
				TargetAttributes = {
					F04D52DE23D4B01D004E62C2 = {
						CreatedOnToolsVersion = 11.3;
					};
				};
			};
			buildConfigurationList = F04D52DA23D4B01D004E62C2 /* Build configuration list for PBXProject "ioasys" */;
			compatibilityVersion = "Xcode 9.3";
			developmentRegion = en;
			hasScannedForEncodings = 0;
			knownRegions = (
				en,
				Base,
			);
			mainGroup = F04D52D623D4B01D004E62C2;
			productRefGroup = F04D52E023D4B01D004E62C2 /* Products */;
			projectDirPath = "";
			projectRoot = "";
			targets = (
				F04D52DE23D4B01D004E62C2 /* ioasys */,
			);
		};
/* End PBXProject section */

/* Begin PBXResourcesBuildPhase section */
		F04D52DD23D4B01D004E62C2 /* Resources */ = {
			isa = PBXResourcesBuildPhase;
			buildActionMask = 2147483647;
			files = (
				F0FD0A3D23D624790058D809 /* ErrorTableViewCell.xib in Resources */,
				F04D52EF23D4B020004E62C2 /* LaunchScreen.storyboard in Resources */,
				F02D20EB23D65510000398F9 /* EnterpriseTableViewCell.xib in Resources */,
				F0FD0A3823D6245E0058D809 /* LoadingTableViewCell.xib in Resources */,
				F04BAE3723D4CA0C0068B687 /* Localizable.strings in Resources */,
				F04D52EC23D4B020004E62C2 /* Assets.xcassets in Resources */,
				F04D531E23D4B930004E62C2 /* SignInView.xib in Resources */,
			);
			runOnlyForDeploymentPostprocessing = 0;
		};
/* End PBXResourcesBuildPhase section */

/* Begin PBXShellScriptBuildPhase section */
		6618E75D06181752AB01295C /* [CP] Embed Pods Frameworks */ = {
			isa = PBXShellScriptBuildPhase;
			buildActionMask = 2147483647;
			files = (
			);
			inputFileListPaths = (
				"${PODS_ROOT}/Target Support Files/Pods-ioasys/Pods-ioasys-frameworks-${CONFIGURATION}-input-files.xcfilelist",
			);
			name = "[CP] Embed Pods Frameworks";
			outputFileListPaths = (
				"${PODS_ROOT}/Target Support Files/Pods-ioasys/Pods-ioasys-frameworks-${CONFIGURATION}-output-files.xcfilelist",
			);
			runOnlyForDeploymentPostprocessing = 0;
			shellPath = /bin/sh;
			shellScript = "\"${PODS_ROOT}/Target Support Files/Pods-ioasys/Pods-ioasys-frameworks.sh\"\n";
			showEnvVarsInLog = 0;
		};
		77273912D17397E3858B659A /* [CP] Check Pods Manifest.lock */ = {
			isa = PBXShellScriptBuildPhase;
			buildActionMask = 2147483647;
			files = (
			);
			inputFileListPaths = (
			);
			inputPaths = (
				"${PODS_PODFILE_DIR_PATH}/Podfile.lock",
				"${PODS_ROOT}/Manifest.lock",
			);
			name = "[CP] Check Pods Manifest.lock";
			outputFileListPaths = (
			);
			outputPaths = (
				"$(DERIVED_FILE_DIR)/Pods-ioasys-checkManifestLockResult.txt",
			);
			runOnlyForDeploymentPostprocessing = 0;
			shellPath = /bin/sh;
			shellScript = "diff \"${PODS_PODFILE_DIR_PATH}/Podfile.lock\" \"${PODS_ROOT}/Manifest.lock\" > /dev/null\nif [ $? != 0 ] ; then\n    # print error to STDERR\n    echo \"error: The sandbox is not in sync with the Podfile.lock. Run 'pod install' or update your CocoaPods installation.\" >&2\n    exit 1\nfi\n# This output is used by Xcode 'outputs' to avoid re-running this script phase.\necho \"SUCCESS\" > \"${SCRIPT_OUTPUT_FILE_0}\"\n";
			showEnvVarsInLog = 0;
		};
/* End PBXShellScriptBuildPhase section */

/* Begin PBXSourcesBuildPhase section */
		F04D52DB23D4B01D004E62C2 /* Sources */ = {
			isa = PBXSourcesBuildPhase;
			buildActionMask = 2147483647;
			files = (
				F04BAE6C23D5176A0068B687 /* ErrorView.swift in Sources */,
				F04BAE6E23D531840068B687 /* UIButton.swift in Sources */,
				F04D531A23D4B922004E62C2 /* SignInViewModel.swift in Sources */,
				F04D531723D4B29F004E62C2 /* LoginViewController.swift in Sources */,
				F04BAE3923D4CB5A0068B687 /* UIFont.swift in Sources */,
				F02D20ED23D6587C000398F9 /* EnterpriseViewModel.swift in Sources */,
				F04BAE6423D515900068B687 /* AlertViewModel.swift in Sources */,
				F010F72923D5468900E74DA2 /* ContainerCoordinator.swift in Sources */,
				F04BAE4C23D4FAA80068B687 /* Error.swift in Sources */,
				F04BAE6A23D516CB0068B687 /* LoadingView.swift in Sources */,
				F04BAE4523D4FA0A0068B687 /* APITarget.swift in Sources */,
				F0FD0A3F23D625810058D809 /* RequestResponse.swift in Sources */,
				F04BAE6123D5136D0068B687 /* BaseViewController.swift in Sources */,
				F04BAE4723D4FA130068B687 /* APIOperators.swift in Sources */,
				F0B4D87023D60D2600A92D54 /* BaseTableViewController.swift in Sources */,
				F04BAE6823D5160E0068B687 /* PlaceholderViewModel.swift in Sources */,
				F04BAE4023D4EE8D0068B687 /* UIExtensions.swift in Sources */,
				F012917F23D56AA2009CE255 /* SearchEnterprisesViewController.swift in Sources */,
				F04D52E323D4B01D004E62C2 /* AppDelegate.swift in Sources */,
				F04BAE3C23D4D6A80068B687 /* BaseScrollViewController.swift in Sources */,
				F04BAE4A23D4FA660068B687 /* User.swift in Sources */,
				F04BAE5A23D501920068B687 /* KeyedArchiverManager.swift in Sources */,
				F0FD0A3C23D624790058D809 /* ErrorTableViewCell.swift in Sources */,
				F04BAE5423D4FE2F0068B687 /* UserSessionDB.swift in Sources */,
				F012917C23D5649A009CE255 /* HomeViewController.swift in Sources */,
				F0FD0A3723D6245E0058D809 /* LoadingTableViewCell.swift in Sources */,
				F04BAE6623D515EE0068B687 /* ViewState.swift in Sources */,
				F04BAE5F23D513580068B687 /* ContainerViewController.swift in Sources */,
				F04BAE5823D5014C0068B687 /* UserSessionDataStore.swift in Sources */,
				F04BAE5223D4FE1C0068B687 /* UserDB.swift in Sources */,
				F04D531C23D4B929004E62C2 /* SignInView.swift in Sources */,
				F02D20EA23D65510000398F9 /* EnterpriseTableViewCell.swift in Sources */,
				F0B4D87223D6143A00A92D54 /* Enterprise.swift in Sources */,
				F04D52E523D4B01D004E62C2 /* SceneDelegate.swift in Sources */,
				F04BAE5623D5013D0068B687 /* SessionManager.swift in Sources */,
				F04BAE4323D4F73C0068B687 /* APIClient.swift in Sources */,
			);
			runOnlyForDeploymentPostprocessing = 0;
		};
/* End PBXSourcesBuildPhase section */

/* Begin PBXVariantGroup section */
		F04D52ED23D4B020004E62C2 /* LaunchScreen.storyboard */ = {
			isa = PBXVariantGroup;
			children = (
				F04D52EE23D4B020004E62C2 /* Base */,
			);
			name = LaunchScreen.storyboard;
			sourceTree = "<group>";
		};
/* End PBXVariantGroup section */

/* Begin XCBuildConfiguration section */
		F04D530723D4B021004E62C2 /* Debug */ = {
			isa = XCBuildConfiguration;
			buildSettings = {
				ALWAYS_SEARCH_USER_PATHS = NO;
				CLANG_ANALYZER_NONNULL = YES;
				CLANG_ANALYZER_NUMBER_OBJECT_CONVERSION = YES_AGGRESSIVE;
				CLANG_CXX_LANGUAGE_STANDARD = "gnu++14";
				CLANG_CXX_LIBRARY = "libc++";
				CLANG_ENABLE_MODULES = YES;
				CLANG_ENABLE_OBJC_ARC = YES;
				CLANG_ENABLE_OBJC_WEAK = YES;
				CLANG_WARN_BLOCK_CAPTURE_AUTORELEASING = YES;
				CLANG_WARN_BOOL_CONVERSION = YES;
				CLANG_WARN_COMMA = YES;
				CLANG_WARN_CONSTANT_CONVERSION = YES;
				CLANG_WARN_DEPRECATED_OBJC_IMPLEMENTATIONS = YES;
				CLANG_WARN_DIRECT_OBJC_ISA_USAGE = YES_ERROR;
				CLANG_WARN_DOCUMENTATION_COMMENTS = YES;
				CLANG_WARN_EMPTY_BODY = YES;
				CLANG_WARN_ENUM_CONVERSION = YES;
				CLANG_WARN_INFINITE_RECURSION = YES;
				CLANG_WARN_INT_CONVERSION = YES;
				CLANG_WARN_NON_LITERAL_NULL_CONVERSION = YES;
				CLANG_WARN_OBJC_IMPLICIT_RETAIN_SELF = YES;
				CLANG_WARN_OBJC_LITERAL_CONVERSION = YES;
				CLANG_WARN_OBJC_ROOT_CLASS = YES_ERROR;
				CLANG_WARN_RANGE_LOOP_ANALYSIS = YES;
				CLANG_WARN_STRICT_PROTOTYPES = YES;
				CLANG_WARN_SUSPICIOUS_MOVE = YES;
				CLANG_WARN_UNGUARDED_AVAILABILITY = YES_AGGRESSIVE;
				CLANG_WARN_UNREACHABLE_CODE = YES;
				CLANG_WARN__DUPLICATE_METHOD_MATCH = YES;
				COPY_PHASE_STRIP = NO;
				DEBUG_INFORMATION_FORMAT = dwarf;
				ENABLE_STRICT_OBJC_MSGSEND = YES;
				ENABLE_TESTABILITY = YES;
				GCC_C_LANGUAGE_STANDARD = gnu11;
				GCC_DYNAMIC_NO_PIC = NO;
				GCC_NO_COMMON_BLOCKS = YES;
				GCC_OPTIMIZATION_LEVEL = 0;
				GCC_PREPROCESSOR_DEFINITIONS = (
					"DEBUG=1",
					"$(inherited)",
				);
				GCC_WARN_64_TO_32_BIT_CONVERSION = YES;
				GCC_WARN_ABOUT_RETURN_TYPE = YES_ERROR;
				GCC_WARN_UNDECLARED_SELECTOR = YES;
				GCC_WARN_UNINITIALIZED_AUTOS = YES_AGGRESSIVE;
				GCC_WARN_UNUSED_FUNCTION = YES;
				GCC_WARN_UNUSED_VARIABLE = YES;
				IPHONEOS_DEPLOYMENT_TARGET = 13.2;
				MTL_ENABLE_DEBUG_INFO = INCLUDE_SOURCE;
				MTL_FAST_MATH = YES;
				ONLY_ACTIVE_ARCH = YES;
				SDKROOT = iphoneos;
				SWIFT_ACTIVE_COMPILATION_CONDITIONS = DEBUG;
				SWIFT_OPTIMIZATION_LEVEL = "-Onone";
			};
			name = Debug;
		};
		F04D530823D4B021004E62C2 /* Release */ = {
			isa = XCBuildConfiguration;
			buildSettings = {
				ALWAYS_SEARCH_USER_PATHS = NO;
				CLANG_ANALYZER_NONNULL = YES;
				CLANG_ANALYZER_NUMBER_OBJECT_CONVERSION = YES_AGGRESSIVE;
				CLANG_CXX_LANGUAGE_STANDARD = "gnu++14";
				CLANG_CXX_LIBRARY = "libc++";
				CLANG_ENABLE_MODULES = YES;
				CLANG_ENABLE_OBJC_ARC = YES;
				CLANG_ENABLE_OBJC_WEAK = YES;
				CLANG_WARN_BLOCK_CAPTURE_AUTORELEASING = YES;
				CLANG_WARN_BOOL_CONVERSION = YES;
				CLANG_WARN_COMMA = YES;
				CLANG_WARN_CONSTANT_CONVERSION = YES;
				CLANG_WARN_DEPRECATED_OBJC_IMPLEMENTATIONS = YES;
				CLANG_WARN_DIRECT_OBJC_ISA_USAGE = YES_ERROR;
				CLANG_WARN_DOCUMENTATION_COMMENTS = YES;
				CLANG_WARN_EMPTY_BODY = YES;
				CLANG_WARN_ENUM_CONVERSION = YES;
				CLANG_WARN_INFINITE_RECURSION = YES;
				CLANG_WARN_INT_CONVERSION = YES;
				CLANG_WARN_NON_LITERAL_NULL_CONVERSION = YES;
				CLANG_WARN_OBJC_IMPLICIT_RETAIN_SELF = YES;
				CLANG_WARN_OBJC_LITERAL_CONVERSION = YES;
				CLANG_WARN_OBJC_ROOT_CLASS = YES_ERROR;
				CLANG_WARN_RANGE_LOOP_ANALYSIS = YES;
				CLANG_WARN_STRICT_PROTOTYPES = YES;
				CLANG_WARN_SUSPICIOUS_MOVE = YES;
				CLANG_WARN_UNGUARDED_AVAILABILITY = YES_AGGRESSIVE;
				CLANG_WARN_UNREACHABLE_CODE = YES;
				CLANG_WARN__DUPLICATE_METHOD_MATCH = YES;
				COPY_PHASE_STRIP = NO;
				DEBUG_INFORMATION_FORMAT = "dwarf-with-dsym";
				ENABLE_NS_ASSERTIONS = NO;
				ENABLE_STRICT_OBJC_MSGSEND = YES;
				GCC_C_LANGUAGE_STANDARD = gnu11;
				GCC_NO_COMMON_BLOCKS = YES;
				GCC_WARN_64_TO_32_BIT_CONVERSION = YES;
				GCC_WARN_ABOUT_RETURN_TYPE = YES_ERROR;
				GCC_WARN_UNDECLARED_SELECTOR = YES;
				GCC_WARN_UNINITIALIZED_AUTOS = YES_AGGRESSIVE;
				GCC_WARN_UNUSED_FUNCTION = YES;
				GCC_WARN_UNUSED_VARIABLE = YES;
				IPHONEOS_DEPLOYMENT_TARGET = 13.2;
				MTL_ENABLE_DEBUG_INFO = NO;
				MTL_FAST_MATH = YES;
				SDKROOT = iphoneos;
				SWIFT_COMPILATION_MODE = wholemodule;
				SWIFT_OPTIMIZATION_LEVEL = "-O";
				VALIDATE_PRODUCT = YES;
			};
			name = Release;
		};
		F04D530A23D4B021004E62C2 /* Debug */ = {
			isa = XCBuildConfiguration;
			baseConfigurationReference = 1B9BA107C217CCE66F5E8896 /* Pods-ioasys.debug.xcconfig */;
			buildSettings = {
				ASSETCATALOG_COMPILER_APPICON_NAME = AppIcon;
				CODE_SIGN_STYLE = Automatic;
				INFOPLIST_FILE = ioasys/Info.plist;
				IPHONEOS_DEPLOYMENT_TARGET = 13.2;
				LD_RUNPATH_SEARCH_PATHS = (
					"$(inherited)",
					"@executable_path/Frameworks",
				);
				PRODUCT_BUNDLE_IDENTIFIER = br.com.ioasys;
				PRODUCT_NAME = "$(TARGET_NAME)";
				SWIFT_VERSION = 5.0;
				TARGETED_DEVICE_FAMILY = 1;
			};
			name = Debug;
		};
		F04D530B23D4B021004E62C2 /* Release */ = {
			isa = XCBuildConfiguration;
			baseConfigurationReference = 54F40FAC0C4AB58120EE00F0 /* Pods-ioasys.release.xcconfig */;
			buildSettings = {
				ASSETCATALOG_COMPILER_APPICON_NAME = AppIcon;
				CODE_SIGN_STYLE = Automatic;
				INFOPLIST_FILE = ioasys/Info.plist;
				IPHONEOS_DEPLOYMENT_TARGET = 13.2;
				LD_RUNPATH_SEARCH_PATHS = (
					"$(inherited)",
					"@executable_path/Frameworks",
				);
				PRODUCT_BUNDLE_IDENTIFIER = br.com.ioasys;
				PRODUCT_NAME = "$(TARGET_NAME)";
				SWIFT_VERSION = 5.0;
				TARGETED_DEVICE_FAMILY = 1;
			};
			name = Release;
		};
/* End XCBuildConfiguration section */

/* Begin XCConfigurationList section */
		F04D52DA23D4B01D004E62C2 /* Build configuration list for PBXProject "ioasys" */ = {
			isa = XCConfigurationList;
			buildConfigurations = (
				F04D530723D4B021004E62C2 /* Debug */,
				F04D530823D4B021004E62C2 /* Release */,
			);
			defaultConfigurationIsVisible = 0;
			defaultConfigurationName = Release;
		};
		F04D530923D4B021004E62C2 /* Build configuration list for PBXNativeTarget "ioasys" */ = {
			isa = XCConfigurationList;
			buildConfigurations = (
				F04D530A23D4B021004E62C2 /* Debug */,
				F04D530B23D4B021004E62C2 /* Release */,
			);
			defaultConfigurationIsVisible = 0;
			defaultConfigurationName = Release;
		};
/* End XCConfigurationList section */
	};
	rootObject = F04D52D723D4B01D004E62C2 /* Project object */;
}
